
Microsoft Visual Studio Solution File, Format Version 12.00
# Visual Studio 14
VisualStudioVersion = 14.0.25420.1
MinimumVisualStudioVersion = 10.0.40219.1
Project("{FAE04EC0-301F-11D3-BF4B-00C04F79EFBC}") = "Quiron.LojaVirtual.Dominio", "Quiron.LojaVirtual.Dominio\Quiron.LojaVirtual.Dominio.csproj", "{C90C92AD-89F1-40D5-B8B5-F3E70B93B498}"
EndProject
Project("{FAE04EC0-301F-11D3-BF4B-00C04F79EFBC}") = "Quiron.LojaVirtual.Web", "Quiron.LojaVirtual.Web\Quiron.LojaVirtual.Web.csproj", "{9E854AF2-3B9A-45EA-8679-3C057109FAB8}"
	ProjectSection(ProjectDependencies) = postProject
		{C90C92AD-89F1-40D5-B8B5-F3E70B93B498} = {C90C92AD-89F1-40D5-B8B5-F3E70B93B498}
	EndProjectSection
EndProject
Project("{FAE04EC0-301F-11D3-BF4B-00C04F79EFBC}") = "Quiron.LojaVirtual.Test", "Quiron.LojaVirtual.Test\Quiron.LojaVirtual.Test.csproj", "{9311FD8B-D2AE-4CB1-8E6A-000191D960CC}"
EndProject
Global
	GlobalSection(SolutionConfigurationPlatforms) = preSolution
		Debug|Any CPU = Debug|Any CPU
		Release|Any CPU = Release|Any CPU
	EndGlobalSection
	GlobalSection(ProjectConfigurationPlatforms) = postSolution
		{C90C92AD-89F1-40D5-B8B5-F3E70B93B498}.Debug|Any CPU.ActiveCfg = Debug|Any CPU
		{C90C92AD-89F1-40D5-B8B5-F3E70B93B498}.Debug|Any CPU.Build.0 = Debug|Any CPU
		{C90C92AD-89F1-40D5-B8B5-F3E70B93B498}.Release|Any CPU.ActiveCfg = Release|Any CPU
		{C90C92AD-89F1-40D5-B8B5-F3E70B93B498}.Release|Any CPU.Build.0 = Release|Any CPU
		{9E854AF2-3B9A-45EA-8679-3C057109FAB8}.Debug|Any CPU.ActiveCfg = Debug|Any CPU
		{9E854AF2-3B9A-45EA-8679-3C057109FAB8}.Debug|Any CPU.Build.0 = Debug|Any CPU
		{9E854AF2-3B9A-45EA-8679-3C057109FAB8}.Release|Any CPU.ActiveCfg = Release|Any CPU
		{9E854AF2-3B9A-45EA-8679-3C057109FAB8}.Release|Any CPU.Build.0 = Release|Any CPU
		{9311FD8B-D2AE-4CB1-8E6A-000191D960CC}.Debug|Any CPU.ActiveCfg = Debug|Any CPU
		{9311FD8B-D2AE-4CB1-8E6A-000191D960CC}.Debug|Any CPU.Build.0 = Debug|Any CPU
		{9311FD8B-D2AE-4CB1-8E6A-000191D960CC}.Release|Any CPU.ActiveCfg = Release|Any CPU
		{9311FD8B-D2AE-4CB1-8E6A-000191D960CC}.Release|Any CPU.Build.0 = Release|Any CPU
	EndGlobalSection
	GlobalSection(SolutionProperties) = preSolution
		HideSolutionNode = FALSE
	EndGlobalSection
EndGlobal
